# THIS IS AN AUTOGENERATED FILE. DO NOT EDIT THIS FILE DIRECTLY.
# yarn lockfile v1


collapse-white-space@^2.0.0:
  version "2.1.0"
  resolved "https://registry.yarnpkg.com/collapse-white-space/-/collapse-white-space-2.1.0.tgz#640257174f9f42c740b40f3b55ee752924feefca"
  integrity sha512-loKTxY1zCOuG4j9f6EPnuyyYkf58RnhhWTvRoZEokgB+WbdXehfjFviyOVYkqzEWz1Q5kRiZdBYS5SwxbQYwzw==

franc@^6.1.0:
  version "6.1.0"
  resolved "https://registry.yarnpkg.com/franc/-/franc-6.1.0.tgz#cf6e1ff0bcb82c655afe4a66eca86b9d07293e26"
  integrity sha512-woYqLX7sFcrKD4y1M33IorhH4b21bCDNr0Rm+zlAGRNuxLFilT4h8qEcclu8RFLpHmvNz7FgAYl9Vqfa8UZwoA==
  dependencies:
    trigram-utils "^2.0.0"

langs@^2.0.0:
  version "2.0.0"
  resolved "https://registry.yarnpkg.com/langs/-/langs-2.0.0.tgz#00c32ce48152a49a614450b9ba2632ab58a0a364"
  integrity sha512-v4pxOBEQVN1WBTfB1crhTtxzNLZU9HPWgadlwzWKISJtt6Ku/CnpBrwVy+jFv8StjxsPfwPFzO0CMwdZLJ0/BA==

n-gram@^2.0.0:
  version "2.0.2"
  resolved "https://registry.yarnpkg.com/n-gram/-/n-gram-2.0.2.tgz#e544a7dffefc49c22d898b2f491e787941b3a2ba"
  integrity sha512-S24aGsn+HLBxUGVAUFOwGpKs7LBcG4RudKU//eWzt/mQ97/NMKQxDWHyHx63UNWk/OOdihgmzoETn1tf5nQDzQ==

trigram-utils@^2.0.0:
  version "2.0.1"
  resolved "https://registry.yarnpkg.com/trigram-utils/-/trigram-utils-2.0.1.tgz#d22c08350f2cc7ae02ce6d497732db3ef43c8722"
  integrity sha512-nfWIXHEaB+HdyslAfMxSqWKDdmqY9I32jS7GnqpdWQnLH89r6A5sdk3fDVYqGAZ0CrT8ovAFSAo6HRiWcWNIGQ==
  dependencies:
    collapse-white-space "^2.0.0"
    n-gram "^2.0.0"
